
Microsoft Visual Studio Solution File, Format Version 12.00
# Visual Studio 15
VisualStudioVersion = 15.0.28307.329
MinimumVisualStudioVersion = 10.0.40219.1
Project("{FAE04EC0-301F-11D3-BF4B-00C04F79EFBC}") = "App.Mobile.Remote.Android", "App.Mobile.Remote\App.Mobile.Remote.Android\App.Mobile.Remote.Android.csproj", "{24CE3C36-16B9-426D-AA0C-5961ECF8D88C}"
EndProject
Project("{9A19103F-16F7-4668-BE54-9A1E7A4F7556}") = "App.Mobile.Remote", "App.Mobile.Remote\App.Mobile.Remote\App.Mobile.Remote.csproj", "{09104466-FA57-48ED-8114-7B2BA2D8834D}"
EndProject
Project("{9A19103F-16F7-4668-BE54-9A1E7A4F7556}") = "RemoteAgent.Service", "RemoteAgent.Service\RemoteAgent.Service\RemoteAgent.Service.csproj", "{88B57DAF-F895-4AD3-A6A7-A1E2C0DE578B}"
EndProject
Global
	GlobalSection(SolutionConfigurationPlatforms) = preSolution
		Debug|Any CPU = Debug|Any CPU
		Debug|iPhone = Debug|iPhone
		Debug|iPhoneSimulator = Debug|iPhoneSimulator
		Release|Any CPU = Release|Any CPU
		Release|iPhone = Release|iPhone
		Release|iPhoneSimulator = Release|iPhoneSimulator
	EndGlobalSection
	GlobalSection(ProjectConfigurationPlatforms) = postSolution
		{24CE3C36-16B9-426D-AA0C-5961ECF8D88C}.Debug|Any CPU.ActiveCfg = Debug|Any CPU
		{24CE3C36-16B9-426D-AA0C-5961ECF8D88C}.Debug|Any CPU.Build.0 = Debug|Any CPU
		{24CE3C36-16B9-426D-AA0C-5961ECF8D88C}.Debug|Any CPU.Deploy.0 = Debug|Any CPU
		{24CE3C36-16B9-426D-AA0C-5961ECF8D88C}.Debug|iPhone.ActiveCfg = Debug|Any CPU
		{24CE3C36-16B9-426D-AA0C-5961ECF8D88C}.Debug|iPhone.Build.0 = Debug|Any CPU
		{24CE3C36-16B9-426D-AA0C-5961ECF8D88C}.Debug|iPhone.Deploy.0 = Debug|Any CPU
		{24CE3C36-16B9-426D-AA0C-5961ECF8D88C}.Debug|iPhoneSimulator.ActiveCfg = Debug|Any CPU
		{24CE3C36-16B9-426D-AA0C-5961ECF8D88C}.Debug|iPhoneSimulator.Build.0 = Debug|Any CPU
		{24CE3C36-16B9-426D-AA0C-5961ECF8D88C}.Debug|iPhoneSimulator.Deploy.0 = Debug|Any CPU
		{24CE3C36-16B9-426D-AA0C-5961ECF8D88C}.Release|Any CPU.ActiveCfg = Release|Any CPU
		{24CE3C36-16B9-426D-AA0C-5961ECF8D88C}.Release|Any CPU.Build.0 = Release|Any CPU
		{24CE3C36-16B9-426D-AA0C-5961ECF8D88C}.Release|Any CPU.Deploy.0 = Release|Any CPU
		{24CE3C36-16B9-426D-AA0C-5961ECF8D88C}.Release|iPhone.ActiveCfg = Release|Any CPU
		{24CE3C36-16B9-426D-AA0C-5961ECF8D88C}.Release|iPhone.Build.0 = Release|Any CPU
		{24CE3C36-16B9-426D-AA0C-5961ECF8D88C}.Release|iPhone.Deploy.0 = Release|Any CPU
		{24CE3C36-16B9-426D-AA0C-5961ECF8D88C}.Release|iPhoneSimulator.ActiveCfg = Release|Any CPU
		{24CE3C36-16B9-426D-AA0C-5961ECF8D88C}.Release|iPhoneSimulator.Build.0 = Release|Any CPU
		{24CE3C36-16B9-426D-AA0C-5961ECF8D88C}.Release|iPhoneSimulator.Deploy.0 = Release|Any CPU
		{09104466-FA57-48ED-8114-7B2BA2D8834D}.Debug|Any CPU.ActiveCfg = Debug|Any CPU
		{09104466-FA57-48ED-8114-7B2BA2D8834D}.Debug|Any CPU.Build.0 = Debug|Any CPU
		{09104466-FA57-48ED-8114-7B2BA2D8834D}.Debug|iPhone.ActiveCfg = Debug|Any CPU
		{09104466-FA57-48ED-8114-7B2BA2D8834D}.Debug|iPhone.Build.0 = Debug|Any CPU
		{09104466-FA57-48ED-8114-7B2BA2D8834D}.Debug|iPhoneSimulator.ActiveCfg = Debug|Any CPU
		{09104466-FA57-48ED-8114-7B2BA2D8834D}.Debug|iPhoneSimulator.Build.0 = Debug|Any CPU
		{09104466-FA57-48ED-8114-7B2BA2D8834D}.Release|Any CPU.ActiveCfg = Release|Any CPU
		{09104466-FA57-48ED-8114-7B2BA2D8834D}.Release|Any CPU.Build.0 = Release|Any CPU
		{09104466-FA57-48ED-8114-7B2BA2D8834D}.Release|iPhone.ActiveCfg = Release|Any CPU
		{09104466-FA57-48ED-8114-7B2BA2D8834D}.Release|iPhone.Build.0 = Release|Any CPU
		{09104466-FA57-48ED-8114-7B2BA2D8834D}.Release|iPhoneSimulator.ActiveCfg = Release|Any CPU
		{09104466-FA57-48ED-8114-7B2BA2D8834D}.Release|iPhoneSimulator.Build.0 = Release|Any CPU
		{88B57DAF-F895-4AD3-A6A7-A1E2C0DE578B}.Debug|Any CPU.ActiveCfg = Debug|Any CPU
		{88B57DAF-F895-4AD3-A6A7-A1E2C0DE578B}.Debug|Any CPU.Build.0 = Debug|Any CPU
		{88B57DAF-F895-4AD3-A6A7-A1E2C0DE578B}.Debug|iPhone.ActiveCfg = Debug|Any CPU
		{88B57DAF-F895-4AD3-A6A7-A1E2C0DE578B}.Debug|iPhone.Build.0 = Debug|Any CPU
		{88B57DAF-F895-4AD3-A6A7-A1E2C0DE578B}.Debug|iPhoneSimulator.ActiveCfg = Debug|Any CPU
		{88B57DAF-F895-4AD3-A6A7-A1E2C0DE578B}.Debug|iPhoneSimulator.Build.0 = Debug|Any CPU
		{88B57DAF-F895-4AD3-A6A7-A1E2C0DE578B}.Release|Any CPU.ActiveCfg = Release|Any CPU
		{88B57DAF-F895-4AD3-A6A7-A1E2C0DE578B}.Release|Any CPU.Build.0 = Release|Any CPU
		{88B57DAF-F895-4AD3-A6A7-A1E2C0DE578B}.Release|iPhone.ActiveCfg = Release|Any CPU
		{88B57DAF-F895-4AD3-A6A7-A1E2C0DE578B}.Release|iPhone.Build.0 = Release|Any CPU
		{88B57DAF-F895-4AD3-A6A7-A1E2C0DE578B}.Release|iPhoneSimulator.ActiveCfg = Release|Any CPU
		{88B57DAF-F895-4AD3-A6A7-A1E2C0DE578B}.Release|iPhoneSimulator.Build.0 = Release|Any CPU
	EndGlobalSection
	GlobalSection(SolutionProperties) = preSolution
		HideSolutionNode = FALSE
	EndGlobalSection
	GlobalSection(ExtensibilityGlobals) = postSolution
		SolutionGuid = {21882B11-2DE3-407C-B419-90FACBBEB8BC}
	EndGlobalSection
EndGlobal
